
Microsoft Visual Studio Solution File, Format Version 12.00
# Visual Studio Version 16
VisualStudioVersion = 16.0.30611.23
MinimumVisualStudioVersion = 10.0.40219.1
Project("{FAE04EC0-301F-11D3-BF4B-00C04F79EFBC}") = "CSharpCalculator", "CSharpCalculator\CSharpCalculator.csproj", "{951E9888-8A64-4D3D-96B5-BFA96F61972E}"
EndProject
Global
	GlobalSection(SolutionConfigurationPlatforms) = preSolution
		Debug|Any CPU = Debug|Any CPU
		Debug|x64 = Debug|x64
		Debug|x86 = Debug|x86
		Release|Any CPU = Release|Any CPU
		Release|x64 = Release|x64
		Release|x86 = Release|x86
	EndGlobalSection
	GlobalSection(ProjectConfigurationPlatforms) = postSolution
		{951E9888-8A64-4D3D-96B5-BFA96F61972E}.Debug|Any CPU.ActiveCfg = Debug|Any CPU
		{951E9888-8A64-4D3D-96B5-BFA96F61972E}.Debug|Any CPU.Build.0 = Debug|Any CPU
		{951E9888-8A64-4D3D-96B5-BFA96F61972E}.Debug|x64.ActiveCfg = Debug|Any CPU
		{951E9888-8A64-4D3D-96B5-BFA96F61972E}.Debug|x64.Build.0 = Debug|Any CPU
		{951E9888-8A64-4D3D-96B5-BFA96F61972E}.Debug|x86.ActiveCfg = Debug|x86
		{951E9888-8A64-4D3D-96B5-BFA96F61972E}.Debug|x86.Build.0 = Debug|x86
		{951E9888-8A64-4D3D-96B5-BFA96F61972E}.Release|Any CPU.ActiveCfg = Release|Any CPU
		{951E9888-8A64-4D3D-96B5-BFA96F61972E}.Release|Any CPU.Build.0 = Release|Any CPU
		{951E9888-8A64-4D3D-96B5-BFA96F61972E}.Release|x64.ActiveCfg = Release|x64
		{951E9888-8A64-4D3D-96B5-BFA96F61972E}.Release|x64.Build.0 = Release|x64
		{951E9888-8A64-4D3D-96B5-BFA96F61972E}.Release|x86.ActiveCfg = Release|x86
		{951E9888-8A64-4D3D-96B5-BFA96F61972E}.Release|x86.Build.0 = Release|x86
	EndGlobalSection
	GlobalSection(SolutionProperties) = preSolution
		HideSolutionNode = FALSE
	EndGlobalSection
	GlobalSection(ExtensibilityGlobals) = postSolution
		SolutionGuid = {03431AF1-7783-4AB1-8BAD-F6594D83B84E}
	EndGlobalSection
EndGlobal
